
Microsoft Visual Studio Solution File, Format Version 12.00
# Visual Studio 15
VisualStudioVersion = 15.0.27428.2002
MinimumVisualStudioVersion = 10.0.40219.1
Project("{FAE04EC0-301F-11D3-BF4B-00C04F79EFBC}") = "BullsAndCows", "BullsAndCows\BullsAndCows.csproj", "{45086A75-EA48-46E2-BB47-4A24EEE82E71}"
EndProject
Global
	GlobalSection(SolutionConfigurationPlatforms) = preSolution
		Debug|Any CPU = Debug|Any CPU
		Release|Any CPU = Release|Any CPU
	EndGlobalSection
	GlobalSection(ProjectConfigurationPlatforms) = postSolution
		{45086A75-EA48-46E2-BB47-4A24EEE82E71}.Debug|Any CPU.ActiveCfg = Debug|Any CPU
		{45086A75-EA48-46E2-BB47-4A24EEE82E71}.Debug|Any CPU.Build.0 = Debug|Any CPU
		{45086A75-EA48-46E2-BB47-4A24EEE82E71}.Release|Any CPU.ActiveCfg = Release|Any CPU
		{45086A75-EA48-46E2-BB47-4A24EEE82E71}.Release|Any CPU.Build.0 = Release|Any CPU
	EndGlobalSection
	GlobalSection(SolutionProperties) = preSolution
		HideSolutionNode = FALSE
	EndGlobalSection
	GlobalSection(ExtensibilityGlobals) = postSolution
		SolutionGuid = {9B3D8C01-DC99-4B1C-B28C-DDD8A17A2DD2}
	EndGlobalSection
EndGlobal
